
Microsoft Visual Studio Solution File, Format Version 12.00
# Visual Studio 15
VisualStudioVersion = 15.0.26730.16
MinimumVisualStudioVersion = 10.0.40219.1
Project("{FAE04EC0-301F-11D3-BF4B-00C04F79EFBC}") = "pkpass2cal", "pkpass2cal\pkpass2cal.csproj", "{03CA196A-27FD-4025-AE0D-85CD98632AA6}"
EndProject
Project("{2150E333-8FDC-42A3-9474-1A3956D46DE8}") = "Solution Items", "Solution Items", "{53AA6FC8-6FE2-401D-9EB1-0995C13A229B}"
	ProjectSection(SolutionItems) = preProject
		README.md = README.md
	EndProjectSection
EndProject
Global
	GlobalSection(SolutionConfigurationPlatforms) = preSolution
		Debug|Any CPU = Debug|Any CPU
		Release|Any CPU = Release|Any CPU
	EndGlobalSection
	GlobalSection(ProjectConfigurationPlatforms) = postSolution
		{03CA196A-27FD-4025-AE0D-85CD98632AA6}.Debug|Any CPU.ActiveCfg = Debug|Any CPU
		{03CA196A-27FD-4025-AE0D-85CD98632AA6}.Debug|Any CPU.Build.0 = Debug|Any CPU
		{03CA196A-27FD-4025-AE0D-85CD98632AA6}.Release|Any CPU.ActiveCfg = Release|Any CPU
		{03CA196A-27FD-4025-AE0D-85CD98632AA6}.Release|Any CPU.Build.0 = Release|Any CPU
	EndGlobalSection
	GlobalSection(SolutionProperties) = preSolution
		HideSolutionNode = FALSE
	EndGlobalSection
	GlobalSection(ExtensibilityGlobals) = postSolution
		SolutionGuid = {75095795-D62E-4B76-9914-A5B87A4FD294}
	EndGlobalSection
EndGlobal
